
Microsoft Visual Studio Solution File, Format Version 12.00
# Visual Studio Version 17
VisualStudioVersion = 17.13.35806.99 d17.13
MinimumVisualStudioVersion = 10.0.40219.1
Project("{FAE04EC0-301F-11D3-BF4B-00C04F79EFBC}") = "QuanLyThuQuan", "QuanLyThuQuan\QuanLyThuQuan.csproj", "{64CE9EAB-7C67-4CCB-8713-296A3E95185F}"
EndProject
Global
	GlobalSection(SolutionConfigurationPlatforms) = preSolution
		Debug|Any CPU = Debug|Any CPU
		Release|Any CPU = Release|Any CPU
	EndGlobalSection
	GlobalSection(ProjectConfigurationPlatforms) = postSolution
		{64CE9EAB-7C67-4CCB-8713-296A3E95185F}.Debug|Any CPU.ActiveCfg = Debug|Any CPU
		{64CE9EAB-7C67-4CCB-8713-296A3E95185F}.Debug|Any CPU.Build.0 = Debug|Any CPU
		{64CE9EAB-7C67-4CCB-8713-296A3E95185F}.Release|Any CPU.ActiveCfg = Release|Any CPU
		{64CE9EAB-7C67-4CCB-8713-296A3E95185F}.Release|Any CPU.Build.0 = Release|Any CPU
	EndGlobalSection
	GlobalSection(SolutionProperties) = preSolution
		HideSolutionNode = FALSE
	EndGlobalSection
	GlobalSection(ExtensibilityGlobals) = postSolution
		SolutionGuid = {B0569296-6B33-4D33-80D2-EA43D57D0714}
	EndGlobalSection
EndGlobal
